source_repository=scintilla-run/gleam-lambda-runner
source_commit=e2a15576491f8120f1ae3f3ca8d941521f3aa124
source_pr=45
admission_blob=4bd39afa4fd5ade02de2a8270baa3fddb8b8f1fd
test_blob=a538f1ea52d103d4d598208365267123a834f28c
workflow_blob=9df67d5b717dd48fff77a503a3fe55350a356af0
validator_commit=813d5f021e02574f529a9553b670719f8f10d02c
contract_ir_id=3c689c82c641bcfad401c8b7be7f1f2a8736364a83e4b49134e1955caa776af0
proof_run_id=36258273449
proof_artifact_digest=sha256:a8e5e10997b34c7360b41459e52913971d7a75d5c94bd1fa498d7122d5816982
