beamscale/bmscl-api-server.rs@eb3cfbd9c900a1a700b18067c98dc6ee9024ff5b:.github/workflows/formal-wave7.yml=ab0bb6dbbd64304fe88f216af62e1b3dd377a062
beamscale/bmscl-admin-api-server.rs@69d56559d6cee4ca4b4e93acb879eb9f0475fbac:.github/workflows/formal-wave7.yml=e169a6a14e074265cd28a96019452c4ed45e7c14
scintilla-run/scintilla-api-server.rs@7ef49ba1af458d1e830d3e14dd264e4bb4f15b77:.github/workflows/formal-wave7.yml=3cc242effce5c25dd1cdc9ee9c5348baccbee8eb
scintilla-run/scintilla-admin-api-server.rs@4f4a75d45582e707e930e31d15258361d15878f0:.github/workflows/formal-wave7.yml=238c923ab95efcbe87bceb550c5b34ee5a75a671
