source_repo=scintilla-run/scintilla-lib-core
source_pr=15
source_head_sha=61d6da488f2717888d35c76d558fc05959627d91
source_module_contract_blob_sha=24cf89086bc1b8e884704143a2be67c6baa2d06c
source_typespec_blob_sha=f36c662bb949f46cb3b8593c04aacde6f9c1a980
source_json_schema_blob_sha=4605a9a5dc81a5311c7a696b6af0a45b69b7e598
