scintilla-run/scintilla-lib-core@3eb8407422ccdedb90d5e4bf8bc8a62495db37ef:src/module_contract.rs=9f949dd91420ffde2f5d9310eadeb15ad3dc8360
scintilla-run/gleam-lambda-runner@11e441e705fb96b13a4ef254bcd5bd76b32ce624:child-runtimes/lambda-context.mjs=7cf5993ead39d72f7229ad861c3ea18404f6be4d
scintilla-run/gleam-lambda-runner@11e441e705fb96b13a4ef254bcd5bd76b32ce624:test/lambda-context.test.mjs=cd8230747c006d09e556b82b7af3d75c135aa8d1
