scintilla-run/scintilla-lib-core@44c55c058f6da5bbb562714982d0dc001cf37703:src/module_contract.rs=67357e1f3819dfec50085be33b677111bd75e652
scintilla-run/gleam-lambda-runner@11e441e705fb96b13a4ef254bcd5bd76b32ce624:child-runtimes/lambda-context.mjs=7cf5993ead39d72f7229ad861c3ea18404f6be4d
scintilla-run/gleam-lambda-runner@11e441e705fb96b13a4ef254bcd5bd76b32ce624:test/lambda-context.test.mjs=cd8230747c006d09e556b82b7af3d75c135aa8d1
