source_repository=scintilla-run/scintilla-interfaces
source_commit=5ed51e9e6d81e12df620898e5f9fc1b59890ea4f
typespec_blob=06411f9e634a273a3b7b466d27a866b98512bba1
json_schema_blob=e271bcc821aff920277f01db80e33f9c106a7d50
valid_fixture_blob=9663c18fb73db30af40c1941929b748957e47941
invalid_fixture_blob=58439c416be80d3d0685ac53af3a23fad875fa0e
validator_repository=ORESoftware/typespec-json-schema-validator
validator_commit=813d5f021e02574f529a9553b670719f8f10d02c
contract_id=scintilla.wasi-component/v1
