beamscale/bmscl-interfaces@1b9d05948d1d052e863fb99fe4d6590b42d3b48e:module-projections/manifest.json=88e7ca5f9eeaa700fdaa7e0c073d76e55df4defe
scintilla-run/scintilla-interfaces@178e96e9bd1ab843c6576ec8822c57a7b2b37dce:module-projections/manifest.json=fbdc85f9d7223e5ef51554f8e680cc7749126dd6
scintilla-run/scintilla-interfaces@178e96e9bd1ab843c6576ec8822c57a7b2b37dce:module-projections/manifest.schema.json=ebf23ec3e48eaa42349b30f8c3ecad66d777a970
ORESoftware/api-docs@c02712957850046e339b1e94d8d41b219feb304c:rust/src/module_interface_codegen.rs=2a2ed8e0289bb6998e5290b2e756805fefc79000
